
Microsoft Visual Studio Solution File, Format Version 12.00
# Visual Studio Version 17
VisualStudioVersion = 17.12.35707.178
MinimumVisualStudioVersion = 10.0.40219.1
Project("{FAE04EC0-301F-11D3-BF4B-00C04F79EFBC}") = "Trigger Property", "Trigger Property\Trigger Property.csproj", "{499950E2-31F4-444D-AC34-03DE51DEE4AD}"
EndProject
Project("{FAE04EC0-301F-11D3-BF4B-00C04F79EFBC}") = "Responding_DataSource", "Responding_DataSource\Responding_DataSource.csproj", "{32DE7232-397E-4E18-9ECE-6DE4D9477F7B}"
EndProject
Project("{FAE04EC0-301F-11D3-BF4B-00C04F79EFBC}") = "Calculator", "Calculator\Calculator.csproj", "{E01C88FC-600E-4680-BF58-4A4CE437F66C}"
EndProject
Project("{FAE04EC0-301F-11D3-BF4B-00C04F79EFBC}") = "Telephone Interface", "Telephone Interface\Telephone Interface.csproj", "{22CCBC7E-71D4-429C-AE95-2F7252A5B41F}"
EndProject
Project("{FAE04EC0-301F-11D3-BF4B-00C04F79EFBC}") = "DemoCalculator", "DemoCalculator\DemoCalculator.csproj", "{A3F6F333-E911-4D62-85D9-27F53339CE06}"
EndProject
Project("{FAE04EC0-301F-11D3-BF4B-00C04F79EFBC}") = "CalculatorInDotNet", "CalculatorInDotNet\CalculatorInDotNet.csproj", "{FAC6CC3A-DF65-4FC8-8726-774F96A30395}"
EndProject
Global
	GlobalSection(SolutionConfigurationPlatforms) = preSolution
		Debug|Any CPU = Debug|Any CPU
		Release|Any CPU = Release|Any CPU
	EndGlobalSection
	GlobalSection(ProjectConfigurationPlatforms) = postSolution
		{499950E2-31F4-444D-AC34-03DE51DEE4AD}.Debug|Any CPU.ActiveCfg = Debug|Any CPU
		{499950E2-31F4-444D-AC34-03DE51DEE4AD}.Debug|Any CPU.Build.0 = Debug|Any CPU
		{499950E2-31F4-444D-AC34-03DE51DEE4AD}.Release|Any CPU.ActiveCfg = Release|Any CPU
		{499950E2-31F4-444D-AC34-03DE51DEE4AD}.Release|Any CPU.Build.0 = Release|Any CPU
		{32DE7232-397E-4E18-9ECE-6DE4D9477F7B}.Debug|Any CPU.ActiveCfg = Debug|Any CPU
		{32DE7232-397E-4E18-9ECE-6DE4D9477F7B}.Debug|Any CPU.Build.0 = Debug|Any CPU
		{32DE7232-397E-4E18-9ECE-6DE4D9477F7B}.Release|Any CPU.ActiveCfg = Release|Any CPU
		{32DE7232-397E-4E18-9ECE-6DE4D9477F7B}.Release|Any CPU.Build.0 = Release|Any CPU
		{E01C88FC-600E-4680-BF58-4A4CE437F66C}.Debug|Any CPU.ActiveCfg = Debug|Any CPU
		{E01C88FC-600E-4680-BF58-4A4CE437F66C}.Debug|Any CPU.Build.0 = Debug|Any CPU
		{E01C88FC-600E-4680-BF58-4A4CE437F66C}.Release|Any CPU.ActiveCfg = Release|Any CPU
		{E01C88FC-600E-4680-BF58-4A4CE437F66C}.Release|Any CPU.Build.0 = Release|Any CPU
		{22CCBC7E-71D4-429C-AE95-2F7252A5B41F}.Debug|Any CPU.ActiveCfg = Debug|Any CPU
		{22CCBC7E-71D4-429C-AE95-2F7252A5B41F}.Debug|Any CPU.Build.0 = Debug|Any CPU
		{22CCBC7E-71D4-429C-AE95-2F7252A5B41F}.Release|Any CPU.ActiveCfg = Release|Any CPU
		{22CCBC7E-71D4-429C-AE95-2F7252A5B41F}.Release|Any CPU.Build.0 = Release|Any CPU
		{A3F6F333-E911-4D62-85D9-27F53339CE06}.Debug|Any CPU.ActiveCfg = Debug|Any CPU
		{A3F6F333-E911-4D62-85D9-27F53339CE06}.Debug|Any CPU.Build.0 = Debug|Any CPU
		{A3F6F333-E911-4D62-85D9-27F53339CE06}.Release|Any CPU.ActiveCfg = Release|Any CPU
		{A3F6F333-E911-4D62-85D9-27F53339CE06}.Release|Any CPU.Build.0 = Release|Any CPU
		{FAC6CC3A-DF65-4FC8-8726-774F96A30395}.Debug|Any CPU.ActiveCfg = Debug|Any CPU
		{FAC6CC3A-DF65-4FC8-8726-774F96A30395}.Debug|Any CPU.Build.0 = Debug|Any CPU
		{FAC6CC3A-DF65-4FC8-8726-774F96A30395}.Release|Any CPU.ActiveCfg = Release|Any CPU
		{FAC6CC3A-DF65-4FC8-8726-774F96A30395}.Release|Any CPU.Build.0 = Release|Any CPU
	EndGlobalSection
	GlobalSection(SolutionProperties) = preSolution
		HideSolutionNode = FALSE
	EndGlobalSection
EndGlobal
