
Microsoft Visual Studio Solution File, Format Version 12.00
# Visual Studio Version 17
VisualStudioVersion = 17.12.35707.178 d17.12
MinimumVisualStudioVersion = 10.0.40219.1
Project("{FAE04EC0-301F-11D3-BF4B-00C04F79EFBC}") = "UseListBox", "UseListBox\UseListBox.csproj", "{68B02AF9-BECE-4244-BCCB-D0643EFC7250}"
EndProject
Project("{FAE04EC0-301F-11D3-BF4B-00C04F79EFBC}") = "ListBox2", "ListBox2\ListBox2.csproj", "{30923234-37C4-4AFA-8884-9B7B1FE344CE}"
EndProject
Project("{FAE04EC0-301F-11D3-BF4B-00C04F79EFBC}") = "ListBox3", "ListBox3\ListBox3.csproj", "{0F154844-E505-4C59-B303-F30E3CCBCDB4}"
EndProject
Global
	GlobalSection(SolutionConfigurationPlatforms) = preSolution
		Debug|Any CPU = Debug|Any CPU
		Release|Any CPU = Release|Any CPU
	EndGlobalSection
	GlobalSection(ProjectConfigurationPlatforms) = postSolution
		{68B02AF9-BECE-4244-BCCB-D0643EFC7250}.Debug|Any CPU.ActiveCfg = Debug|Any CPU
		{68B02AF9-BECE-4244-BCCB-D0643EFC7250}.Debug|Any CPU.Build.0 = Debug|Any CPU
		{68B02AF9-BECE-4244-BCCB-D0643EFC7250}.Release|Any CPU.ActiveCfg = Release|Any CPU
		{68B02AF9-BECE-4244-BCCB-D0643EFC7250}.Release|Any CPU.Build.0 = Release|Any CPU
		{30923234-37C4-4AFA-8884-9B7B1FE344CE}.Debug|Any CPU.ActiveCfg = Debug|Any CPU
		{30923234-37C4-4AFA-8884-9B7B1FE344CE}.Debug|Any CPU.Build.0 = Debug|Any CPU
		{30923234-37C4-4AFA-8884-9B7B1FE344CE}.Release|Any CPU.ActiveCfg = Release|Any CPU
		{30923234-37C4-4AFA-8884-9B7B1FE344CE}.Release|Any CPU.Build.0 = Release|Any CPU
		{0F154844-E505-4C59-B303-F30E3CCBCDB4}.Debug|Any CPU.ActiveCfg = Debug|Any CPU
		{0F154844-E505-4C59-B303-F30E3CCBCDB4}.Debug|Any CPU.Build.0 = Debug|Any CPU
		{0F154844-E505-4C59-B303-F30E3CCBCDB4}.Release|Any CPU.ActiveCfg = Release|Any CPU
		{0F154844-E505-4C59-B303-F30E3CCBCDB4}.Release|Any CPU.Build.0 = Release|Any CPU
	EndGlobalSection
	GlobalSection(SolutionProperties) = preSolution
		HideSolutionNode = FALSE
	EndGlobalSection
EndGlobal
