
Microsoft Visual Studio Solution File, Format Version 12.00
# Visual Studio Version 17
VisualStudioVersion = 17.12.35707.178
MinimumVisualStudioVersion = 10.0.40219.1
Project("{FAE04EC0-301F-11D3-BF4B-00C04F79EFBC}") = "textBox", "textBox\textBox.csproj", "{E65D712B-0B4F-4C60-A8B1-755D10879221}"
EndProject
Project("{FAE04EC0-301F-11D3-BF4B-00C04F79EFBC}") = "Button_and_Property", "Button_and_Property\Button_and_Property.csproj", "{7F4EEF9C-3F97-4A63-9AC0-DFC62832AA04}"
EndProject
Project("{FAE04EC0-301F-11D3-BF4B-00C04F79EFBC}") = "CheckBox", "CheckBox\CheckBox.csproj", "{239E60FF-927C-40F7-9071-D9698AF87CBD}"
EndProject
Project("{FAE04EC0-301F-11D3-BF4B-00C04F79EFBC}") = "TextBlock", "TextBlock\TextBlock.csproj", "{DA7D8C03-F826-448C-A29A-758B32A42B0D}"
EndProject
Project("{FAE04EC0-301F-11D3-BF4B-00C04F79EFBC}") = "Label", "Label\Label.csproj", "{727DE086-2254-4FA4-AF04-33D5BC15DF89}"
EndProject
Project("{FAE04EC0-301F-11D3-BF4B-00C04F79EFBC}") = "Button", "Button\Button.csproj", "{7646A2C2-69AF-4413-82E0-4540192653B9}"
EndProject
Project("{FAE04EC0-301F-11D3-BF4B-00C04F79EFBC}") = "CheckBox_Property", "CheckBox_Property\CheckBox_Property.csproj", "{6BC518F4-D672-4262-8E24-0051C0CC2BEF}"
EndProject
Project("{FAE04EC0-301F-11D3-BF4B-00C04F79EFBC}") = "RadioButton", "RadioButton\RadioButton.csproj", "{7F38FE53-4189-4D2A-8D77-552EDF086C62}"
EndProject
Global
	GlobalSection(SolutionConfigurationPlatforms) = preSolution
		Debug|Any CPU = Debug|Any CPU
		Release|Any CPU = Release|Any CPU
	EndGlobalSection
	GlobalSection(ProjectConfigurationPlatforms) = postSolution
		{E65D712B-0B4F-4C60-A8B1-755D10879221}.Debug|Any CPU.ActiveCfg = Debug|Any CPU
		{E65D712B-0B4F-4C60-A8B1-755D10879221}.Debug|Any CPU.Build.0 = Debug|Any CPU
		{E65D712B-0B4F-4C60-A8B1-755D10879221}.Release|Any CPU.ActiveCfg = Release|Any CPU
		{E65D712B-0B4F-4C60-A8B1-755D10879221}.Release|Any CPU.Build.0 = Release|Any CPU
		{7F4EEF9C-3F97-4A63-9AC0-DFC62832AA04}.Debug|Any CPU.ActiveCfg = Debug|Any CPU
		{7F4EEF9C-3F97-4A63-9AC0-DFC62832AA04}.Debug|Any CPU.Build.0 = Debug|Any CPU
		{7F4EEF9C-3F97-4A63-9AC0-DFC62832AA04}.Release|Any CPU.ActiveCfg = Release|Any CPU
		{7F4EEF9C-3F97-4A63-9AC0-DFC62832AA04}.Release|Any CPU.Build.0 = Release|Any CPU
		{239E60FF-927C-40F7-9071-D9698AF87CBD}.Debug|Any CPU.ActiveCfg = Debug|Any CPU
		{239E60FF-927C-40F7-9071-D9698AF87CBD}.Debug|Any CPU.Build.0 = Debug|Any CPU
		{239E60FF-927C-40F7-9071-D9698AF87CBD}.Release|Any CPU.ActiveCfg = Release|Any CPU
		{239E60FF-927C-40F7-9071-D9698AF87CBD}.Release|Any CPU.Build.0 = Release|Any CPU
		{DA7D8C03-F826-448C-A29A-758B32A42B0D}.Debug|Any CPU.ActiveCfg = Debug|Any CPU
		{DA7D8C03-F826-448C-A29A-758B32A42B0D}.Debug|Any CPU.Build.0 = Debug|Any CPU
		{DA7D8C03-F826-448C-A29A-758B32A42B0D}.Release|Any CPU.ActiveCfg = Release|Any CPU
		{DA7D8C03-F826-448C-A29A-758B32A42B0D}.Release|Any CPU.Build.0 = Release|Any CPU
		{727DE086-2254-4FA4-AF04-33D5BC15DF89}.Debug|Any CPU.ActiveCfg = Debug|Any CPU
		{727DE086-2254-4FA4-AF04-33D5BC15DF89}.Debug|Any CPU.Build.0 = Debug|Any CPU
		{727DE086-2254-4FA4-AF04-33D5BC15DF89}.Release|Any CPU.ActiveCfg = Release|Any CPU
		{727DE086-2254-4FA4-AF04-33D5BC15DF89}.Release|Any CPU.Build.0 = Release|Any CPU
		{7646A2C2-69AF-4413-82E0-4540192653B9}.Debug|Any CPU.ActiveCfg = Debug|Any CPU
		{7646A2C2-69AF-4413-82E0-4540192653B9}.Debug|Any CPU.Build.0 = Debug|Any CPU
		{7646A2C2-69AF-4413-82E0-4540192653B9}.Release|Any CPU.ActiveCfg = Release|Any CPU
		{7646A2C2-69AF-4413-82E0-4540192653B9}.Release|Any CPU.Build.0 = Release|Any CPU
		{6BC518F4-D672-4262-8E24-0051C0CC2BEF}.Debug|Any CPU.ActiveCfg = Debug|Any CPU
		{6BC518F4-D672-4262-8E24-0051C0CC2BEF}.Debug|Any CPU.Build.0 = Debug|Any CPU
		{6BC518F4-D672-4262-8E24-0051C0CC2BEF}.Release|Any CPU.ActiveCfg = Release|Any CPU
		{6BC518F4-D672-4262-8E24-0051C0CC2BEF}.Release|Any CPU.Build.0 = Release|Any CPU
		{7F38FE53-4189-4D2A-8D77-552EDF086C62}.Debug|Any CPU.ActiveCfg = Debug|Any CPU
		{7F38FE53-4189-4D2A-8D77-552EDF086C62}.Debug|Any CPU.Build.0 = Debug|Any CPU
		{7F38FE53-4189-4D2A-8D77-552EDF086C62}.Release|Any CPU.ActiveCfg = Release|Any CPU
		{7F38FE53-4189-4D2A-8D77-552EDF086C62}.Release|Any CPU.Build.0 = Release|Any CPU
	EndGlobalSection
	GlobalSection(SolutionProperties) = preSolution
		HideSolutionNode = FALSE
	EndGlobalSection
EndGlobal
